
Microsoft Visual Studio Solution File, Format Version 12.00
# Visual Studio 15
VisualStudioVersion = 15.0.27004.2002
MinimumVisualStudioVersion = 10.0.40219.1
Project("{FAE04EC0-301F-11D3-BF4B-00C04F79EFBC}") = "Game_tictactoe", "Game_tictactoe\Game_tictactoe.csproj", "{53990412-7927-489D-B4D2-EA3D58CD2C73}"
EndProject
Global
	GlobalSection(SolutionConfigurationPlatforms) = preSolution
		Debug|Any CPU = Debug|Any CPU
		Release|Any CPU = Release|Any CPU
	EndGlobalSection
	GlobalSection(ProjectConfigurationPlatforms) = postSolution
		{53990412-7927-489D-B4D2-EA3D58CD2C73}.Debug|Any CPU.ActiveCfg = Debug|Any CPU
		{53990412-7927-489D-B4D2-EA3D58CD2C73}.Debug|Any CPU.Build.0 = Debug|Any CPU
		{53990412-7927-489D-B4D2-EA3D58CD2C73}.Release|Any CPU.ActiveCfg = Release|Any CPU
		{53990412-7927-489D-B4D2-EA3D58CD2C73}.Release|Any CPU.Build.0 = Release|Any CPU
	EndGlobalSection
	GlobalSection(SolutionProperties) = preSolution
		HideSolutionNode = FALSE
	EndGlobalSection
	GlobalSection(ExtensibilityGlobals) = postSolution
		SolutionGuid = {67849DFD-8171-4DC9-B8EB-A9C3E52503B9}
	EndGlobalSection
EndGlobal
